// !$*UTF8*$!
{
	archiveVersion = 1;
	classes = {
	};
	objectVersion = 46;
	objects = {

/* Begin PBXBuildFile section */
		F2142EC71E945CA700602EE9 /* AppDelegate.swift in Sources */ = {isa = PBXBuildFile; fileRef = F2142EC61E945CA700602EE9 /* AppDelegate.swift */; };
		F2142EC91E945CA700602EE9 /* ViewController.swift in Sources */ = {isa = PBXBuildFile; fileRef = F2142EC81E945CA700602EE9 /* ViewController.swift */; };
		F2142ECC1E945CA700602EE9 /* Main.storyboard in Resources */ = {isa = PBXBuildFile; fileRef = F2142ECA1E945CA700602EE9 /* Main.storyboard */; };
		F2142ECE1E945CA700602EE9 /* Assets.xcassets in Resources */ = {isa = PBXBuildFile; fileRef = F2142ECD1E945CA700602EE9 /* Assets.xcassets */; };
		F2142ED11E945CA700602EE9 /* LaunchScreen.storyboard in Resources */ = {isa = PBXBuildFile; fileRef = F2142ECF1E945CA700602EE9 /* LaunchScreen.storyboard */; };
		F2142EDC1E945CA700602EE9 /* MAPD124_W2017_Lesson12Tests.swift in Sources */ = {isa = PBXBuildFile; fileRef = F2142EDB1E945CA700602EE9 /* MAPD124_W2017_Lesson12Tests.swift */; };
/* End PBXBuildFile section */

/* Begin PBXContainerItemProxy section */
		F2142ED81E945CA700602EE9 /* PBXContainerItemProxy */ = {
			isa = PBXContainerItemProxy;
			containerPortal = F2142EBB1E945CA700602EE9 /* Project object */;
			proxyType = 1;
			remoteGlobalIDString = F2142EC21E945CA700602EE9;
			remoteInfo = MAPD124_W2017_Lesson12;
		};
/* End PBXContainerItemProxy section */

/* Begin PBXFileReference section */
		F2142EC31E945CA700602EE9 /* MAPD124_W2017_Lesson12.app */ = {isa = PBXFileReference; explicitFileType = wrapper.application; includeInIndex = 0; path = MAPD124_W2017_Lesson12.app; sourceTree = BUILT_PRODUCTS_DIR; };
		F2142EC61E945CA700602EE9 /* AppDelegate.swift */ = {isa = PBXFileReference; lastKnownFileType = sourcecode.swift; path = AppDelegate.swift; sourceTree = "<group>"; };
		F2142EC81E945CA700602EE9 /* ViewController.swift */ = {isa = PBXFileReference; lastKnownFileType = sourcecode.swift; path = ViewController.swift; sourceTree = "<group>"; };
		F2142ECB1E945CA700602EE9 /* Base */ = {isa = PBXFileReference; lastKnownFileType = file.storyboard; name = Base; path = Base.lproj/Main.storyboard; sourceTree = "<group>"; };
		F2142ECD1E945CA700602EE9 /* Assets.xcassets */ = {isa = PBXFileReference; lastKnownFileType = folder.assetcatalog; path = Assets.xcassets; sourceTree = "<group>"; };
		F2142ED01E945CA700602EE9 /* Base */ = {isa = PBXFileReference; lastKnownFileType = file.storyboard; name = Base; path = Base.lproj/LaunchScreen.storyboard; sourceTree = "<group>"; };
		F2142ED21E945CA700602EE9 /* Info.plist */ = {isa = PBXFileReference; lastKnownFileType = text.plist.xml; path = Info.plist; sourceTree = "<group>"; };
		F2142ED71E945CA700602EE9 /* MAPD124_W2017_Lesson12Tests.xctest */ = {isa = PBXFileReference; explicitFileType = wrapper.cfbundle; includeInIndex = 0; path = MAPD124_W2017_Lesson12Tests.xctest; sourceTree = BUILT_PRODUCTS_DIR; };
		F2142EDB1E945CA700602EE9 /* MAPD124_W2017_Lesson12Tests.swift */ = {isa = PBXFileReference; lastKnownFileType = sourcecode.swift; path = MAPD124_W2017_Lesson12Tests.swift; sourceTree = "<group>"; };
		F2142EDD1E945CA700602EE9 /* Info.plist */ = {isa = PBXFileReference; lastKnownFileType = text.plist.xml; path = Info.plist; sourceTree = "<group>"; };
/* End PBXFileReference section */

/* Begin PBXFrameworksBuildPhase section */
		F2142EC01E945CA700602EE9 /* Frameworks */ = {
			isa = PBXFrameworksBuildPhase;
			buildActionMask = 2147483647;
			files = (
			);
			runOnlyForDeploymentPostprocessing = 0;
		};
		F2142ED41E945CA700602EE9 /* Frameworks */ = {
			isa = PBXFrameworksBuildPhase;
			buildActionMask = 2147483647;
			files = (
			);
			runOnlyForDeploymentPostprocessing = 0;
		};
/* End PBXFrameworksBuildPhase section */

/* Begin PBXGroup section */
		F2142EBA1E945CA700602EE9 = {
			isa = PBXGroup;
			children = (
				F2142EC51E945CA700602EE9 /* MAPD124_W2017_Lesson12 */,
				F2142EDA1E945CA700602EE9 /* MAPD124_W2017_Lesson12Tests */,
				F2142EC41E945CA700602EE9 /* Products */,
			);
			sourceTree = "<group>";
		};
		F2142EC41E945CA700602EE9 /* Products */ = {
			isa = PBXGroup;
			children = (
				F2142EC31E945CA700602EE9 /* MAPD124_W2017_Lesson12.app */,
				F2142ED71E945CA700602EE9 /* MAPD124_W2017_Lesson12Tests.xctest */,
			);
			name = Products;
			sourceTree = "<group>";
		};
		F2142EC51E945CA700602EE9 /* MAPD124_W2017_Lesson12 */ = {
			isa = PBXGroup;
			children = (
				F2142EC61E945CA700602EE9 /* AppDelegate.swift */,
				F2142EC81E945CA700602EE9 /* ViewController.swift */,
				F2142ECA1E945CA700602EE9 /* Main.storyboard */,
				F2142ECD1E945CA700602EE9 /* Assets.xcassets */,
				F2142ECF1E945CA700602EE9 /* LaunchScreen.storyboard */,
				F2142ED21E945CA700602EE9 /* Info.plist */,
			);
			path = MAPD124_W2017_Lesson12;
			sourceTree = "<group>";
		};
		F2142EDA1E945CA700602EE9 /* MAPD124_W2017_Lesson12Tests */ = {
			isa = PBXGroup;
			children = (
				F2142EDB1E945CA700602EE9 /* MAPD124_W2017_Lesson12Tests.swift */,
				F2142EDD1E945CA700602EE9 /* Info.plist */,
			);
			path = MAPD124_W2017_Lesson12Tests;
			sourceTree = "<group>";
		};
/* End PBXGroup section */

/* Begin PBXNativeTarget section */
		F2142EC21E945CA700602EE9 /* MAPD124_W2017_Lesson12 */ = {
			isa = PBXNativeTarget;
			buildConfigurationList = F2142EE01E945CA700602EE9 /* Build configuration list for PBXNativeTarget "MAPD124_W2017_Lesson12" */;
			buildPhases = (
				F2142EBF1E945CA700602EE9 /* Sources */,
				F2142EC01E945CA700602EE9 /* Frameworks */,
				F2142EC11E945CA700602EE9 /* Resources */,
			);
			buildRules = (
			);
			dependencies = (
			);
			name = MAPD124_W2017_Lesson12;
			productName = MAPD124_W2017_Lesson12;
			productReference = F2142EC31E945CA700602EE9 /* MAPD124_W2017_Lesson12.app */;
			productType = "com.apple.product-type.application";
		};
		F2142ED61E945CA700602EE9 /* MAPD124_W2017_Lesson12Tests */ = {
			isa = PBXNativeTarget;
			buildConfigurationList = F2142EE31E945CA700602EE9 /* Build configuration list for PBXNativeTarget "MAPD124_W2017_Lesson12Tests" */;
			buildPhases = (
				F2142ED31E945CA700602EE9 /* Sources */,
				F2142ED41E945CA700602EE9 /* Frameworks */,
				F2142ED51E945CA700602EE9 /* Resources */,
			);
			buildRules = (
			);
			dependencies = (
				F2142ED91E945CA700602EE9 /* PBXTargetDependency */,
			);
			name = MAPD124_W2017_Lesson12Tests;
			productName = MAPD124_W2017_Lesson12Tests;
			productReference = F2142ED71E945CA700602EE9 /* MAPD124_W2017_Lesson12Tests.xctest */;
			productType = "com.apple.product-type.bundle.unit-test";
		};
/* End PBXNativeTarget section */

/* Begin PBXProject section */
		F2142EBB1E945CA700602EE9 /* Project object */ = {
			isa = PBXProject;
			attributes = {
				LastSwiftUpdateCheck = 0830;
				LastUpgradeCheck = 0830;
				ORGANIZATIONNAME = "Serhii Pianykh";
				TargetAttributes = {
					F2142EC21E945CA700602EE9 = {
						CreatedOnToolsVersion = 8.3;
						DevelopmentTeam = 84X6W8F486;
						ProvisioningStyle = Automatic;
					};
					F2142ED61E945CA700602EE9 = {
						CreatedOnToolsVersion = 8.3;
						DevelopmentTeam = 84X6W8F486;
						ProvisioningStyle = Automatic;
						TestTargetID = F2142EC21E945CA700602EE9;
					};
				};
			};
			buildConfigurationList = F2142EBE1E945CA700602EE9 /* Build configuration list for PBXProject "MAPD124_W2017_Lesson12" */;
			compatibilityVersion = "Xcode 3.2";
			developmentRegion = English;
			hasScannedForEncodings = 0;
			knownRegions = (
				en,
				Base,
			);
			mainGroup = F2142EBA1E945CA700602EE9;
			productRefGroup = F2142EC41E945CA700602EE9 /* Products */;
			projectDirPath = "";
			projectRoot = "";
			targets = (
				F2142EC21E945CA700602EE9 /* MAPD124_W2017_Lesson12 */,
				F2142ED61E945CA700602EE9 /* MAPD124_W2017_Lesson12Tests */,
			);
		};
/* End PBXProject section */

/* Begin PBXResourcesBuildPhase section */
		F2142EC11E945CA700602EE9 /* Resources */ = {
			isa = PBXResourcesBuildPhase;
			buildActionMask = 2147483647;
			files = (
				F2142ED11E945CA700602EE9 /* LaunchScreen.storyboard in Resources */,
				F2142ECE1E945CA700602EE9 /* Assets.xcassets in Resources */,
				F2142ECC1E945CA700602EE9 /* Main.storyboard in Resources */,
			);
			runOnlyForDeploymentPostprocessing = 0;
		};
		F2142ED51E945CA700602EE9 /* Resources */ = {
			isa = PBXResourcesBuildPhase;
			buildActionMask = 2147483647;
			files = (
			);
			runOnlyForDeploymentPostprocessing = 0;
		};
/* End PBXResourcesBuildPhase section */

/* Begin PBXSourcesBuildPhase section */
		F2142EBF1E945CA700602EE9 /* Sources */ = {
			isa = PBXSourcesBuildPhase;
			buildActionMask = 2147483647;
			files = (
				F2142EC91E945CA700602EE9 /* ViewController.swift in Sources */,
				F2142EC71E945CA700602EE9 /* AppDelegate.swift in Sources */,
			);
			runOnlyForDeploymentPostprocessing = 0;
		};
		F2142ED31E945CA700602EE9 /* Sources */ = {
			isa = PBXSourcesBuildPhase;
			buildActionMask = 2147483647;
			files = (
				F2142EDC1E945CA700602EE9 /* MAPD124_W2017_Lesson12Tests.swift in Sources */,
			);
			runOnlyForDeploymentPostprocessing = 0;
		};
/* End PBXSourcesBuildPhase section */

/* Begin PBXTargetDependency section */
		F2142ED91E945CA700602EE9 /* PBXTargetDependency */ = {
			isa = PBXTargetDependency;
			target = F2142EC21E945CA700602EE9 /* MAPD124_W2017_Lesson12 */;
			targetProxy = F2142ED81E945CA700602EE9 /* PBXContainerItemProxy */;
		};
/* End PBXTargetDependency section */

/* Begin PBXVariantGroup section */
		F2142ECA1E945CA700602EE9 /* Main.storyboard */ = {
			isa = PBXVariantGroup;
			children = (
				F2142ECB1E945CA700602EE9 /* Base */,
			);
			name = Main.storyboard;
			sourceTree = "<group>";
		};
		F2142ECF1E945CA700602EE9 /* LaunchScreen.storyboard */ = {
			isa = PBXVariantGroup;
			children = (
				F2142ED01E945CA700602EE9 /* Base */,
			);
			name = LaunchScreen.storyboard;
			sourceTree = "<group>";
		};
/* End PBXVariantGroup section */

/* Begin XCBuildConfiguration section */
		F2142EDE1E945CA700602EE9 /* Debug */ = {
			isa = XCBuildConfiguration;
			buildSettings = {
				ALWAYS_SEARCH_USER_PATHS = NO;
				CLANG_ANALYZER_NONNULL = YES;
				CLANG_ANALYZER_NUMBER_OBJECT_CONVERSION = YES_AGGRESSIVE;
				CLANG_CXX_LANGUAGE_STANDARD = "gnu++0x";
				CLANG_CXX_LIBRARY = "libc++";
				CLANG_ENABLE_MODULES = YES;
				CLANG_ENABLE_OBJC_ARC = YES;
				CLANG_WARN_BOOL_CONVERSION = YES;
				CLANG_WARN_CONSTANT_CONVERSION = YES;
				CLANG_WARN_DIRECT_OBJC_ISA_USAGE = YES_ERROR;
				CLANG_WARN_DOCUMENTATION_COMMENTS = YES;
				CLANG_WARN_EMPTY_BODY = YES;
				CLANG_WARN_ENUM_CONVERSION = YES;
				CLANG_WARN_INFINITE_RECURSION = YES;
				CLANG_WARN_INT_CONVERSION = YES;
				CLANG_WARN_OBJC_ROOT_CLASS = YES_ERROR;
				CLANG_WARN_SUSPICIOUS_MOVE = YES;
				CLANG_WARN_UNREACHABLE_CODE = YES;
				CLANG_WARN__DUPLICATE_METHOD_MATCH = YES;
				"CODE_SIGN_IDENTITY[sdk=iphoneos*]" = "iPhone Developer";
				COPY_PHASE_STRIP = NO;
				DEBUG_INFORMATION_FORMAT = dwarf;
				ENABLE_STRICT_OBJC_MSGSEND = YES;
				ENABLE_TESTABILITY = YES;
				GCC_C_LANGUAGE_STANDARD = gnu99;
				GCC_DYNAMIC_NO_PIC = NO;
				GCC_NO_COMMON_BLOCKS = YES;
				GCC_OPTIMIZATION_LEVEL = 0;
				GCC_PREPROCESSOR_DEFINITIONS = (
					"DEBUG=1",
					"$(inherited)",
				);
				GCC_WARN_64_TO_32_BIT_CONVERSION = YES;
				GCC_WARN_ABOUT_RETURN_TYPE = YES_ERROR;
				GCC_WARN_UNDECLARED_SELECTOR = YES;
				GCC_WARN_UNINITIALIZED_AUTOS = YES_AGGRESSIVE;
				GCC_WARN_UNUSED_FUNCTION = YES;
				GCC_WARN_UNUSED_VARIABLE = YES;
				IPHONEOS_DEPLOYMENT_TARGET = 10.3;
				MTL_ENABLE_DEBUG_INFO = YES;
				ONLY_ACTIVE_ARCH = YES;
				SDKROOT = iphoneos;
				SWIFT_ACTIVE_COMPILATION_CONDITIONS = DEBUG;
				SWIFT_OPTIMIZATION_LEVEL = "-Onone";
			};
			name = Debug;
		};
		F2142EDF1E945CA700602EE9 /* Release */ = {
			isa = XCBuildConfiguration;
			buildSettings = {
				ALWAYS_SEARCH_USER_PATHS = NO;
				CLANG_ANALYZER_NONNULL = YES;
				CLANG_ANALYZER_NUMBER_OBJECT_CONVERSION = YES_AGGRESSIVE;
				CLANG_CXX_LANGUAGE_STANDARD = "gnu++0x";
				CLANG_CXX_LIBRARY = "libc++";
				CLANG_ENABLE_MODULES = YES;
				CLANG_ENABLE_OBJC_ARC = YES;
				CLANG_WARN_BOOL_CONVERSION = YES;
				CLANG_WARN_CONSTANT_CONVERSION = YES;
				CLANG_WARN_DIRECT_OBJC_ISA_USAGE = YES_ERROR;
				CLANG_WARN_DOCUMENTATION_COMMENTS = YES;
				CLANG_WARN_EMPTY_BODY = YES;
				CLANG_WARN_ENUM_CONVERSION = YES;
				CLANG_WARN_INFINITE_RECURSION = YES;
				CLANG_WARN_INT_CONVERSION = YES;
				CLANG_WARN_OBJC_ROOT_CLASS = YES_ERROR;
				CLANG_WARN_SUSPICIOUS_MOVE = YES;
				CLANG_WARN_UNREACHABLE_CODE = YES;
				CLANG_WARN__DUPLICATE_METHOD_MATCH = YES;
				"CODE_SIGN_IDENTITY[sdk=iphoneos*]" = "iPhone Developer";
				COPY_PHASE_STRIP = NO;
				DEBUG_INFORMATION_FORMAT = "dwarf-with-dsym";
				ENABLE_NS_ASSERTIONS = NO;
				ENABLE_STRICT_OBJC_MSGSEND = YES;
				GCC_C_LANGUAGE_STANDARD = gnu99;
				GCC_NO_COMMON_BLOCKS = YES;
				GCC_WARN_64_TO_32_BIT_CONVERSION = YES;
				GCC_WARN_ABOUT_RETURN_TYPE = YES_ERROR;
				GCC_WARN_UNDECLARED_SELECTOR = YES;
				GCC_WARN_UNINITIALIZED_AUTOS = YES_AGGRESSIVE;
				GCC_WARN_UNUSED_FUNCTION = YES;
				GCC_WARN_UNUSED_VARIABLE = YES;
				IPHONEOS_DEPLOYMENT_TARGET = 10.3;
				MTL_ENABLE_DEBUG_INFO = NO;
				SDKROOT = iphoneos;
				SWIFT_OPTIMIZATION_LEVEL = "-Owholemodule";
				VALIDATE_PRODUCT = YES;
			};
			name = Release;
		};
		F2142EE11E945CA700602EE9 /* Debug */ = {
			isa = XCBuildConfiguration;
			buildSettings = {
				ASSETCATALOG_COMPILER_APPICON_NAME = AppIcon;
				DEVELOPMENT_TEAM = 84X6W8F486;
				INFOPLIST_FILE = MAPD124_W2017_Lesson12/Info.plist;
				LD_RUNPATH_SEARCH_PATHS = "$(inherited) @executable_path/Frameworks";
				PRODUCT_BUNDLE_IDENTIFIER = "com.serhiipianykh.MAPD124-W2017-Lesson12";
				PRODUCT_NAME = "$(TARGET_NAME)";
				SWIFT_VERSION = 3.0;
			};
			name = Debug;
		};
		F2142EE21E945CA700602EE9 /* Release */ = {
			isa = XCBuildConfiguration;
			buildSettings = {
				ASSETCATALOG_COMPILER_APPICON_NAME = AppIcon;
				DEVELOPMENT_TEAM = 84X6W8F486;
				INFOPLIST_FILE = MAPD124_W2017_Lesson12/Info.plist;
				LD_RUNPATH_SEARCH_PATHS = "$(inherited) @executable_path/Frameworks";
				PRODUCT_BUNDLE_IDENTIFIER = "com.serhiipianykh.MAPD124-W2017-Lesson12";
				PRODUCT_NAME = "$(TARGET_NAME)";
				SWIFT_VERSION = 3.0;
			};
			name = Release;
		};
		F2142EE41E945CA700602EE9 /* Debug */ = {
			isa = XCBuildConfiguration;
			buildSettings = {
				ALWAYS_EMBED_SWIFT_STANDARD_LIBRARIES = YES;
				BUNDLE_LOADER = "$(TEST_HOST)";
				DEVELOPMENT_TEAM = 84X6W8F486;
				INFOPLIST_FILE = MAPD124_W2017_Lesson12Tests/Info.plist;
				LD_RUNPATH_SEARCH_PATHS = "$(inherited) @executable_path/Frameworks @loader_path/Frameworks";
				PRODUCT_BUNDLE_IDENTIFIER = "com.serhiipianykh.MAPD124-W2017-Lesson12Tests";
				PRODUCT_NAME = "$(TARGET_NAME)";
				SWIFT_VERSION = 3.0;
				TEST_HOST = "$(BUILT_PRODUCTS_DIR)/MAPD124_W2017_Lesson12.app/MAPD124_W2017_Lesson12";
			};
			name = Debug;
		};
		F2142EE51E945CA700602EE9 /* Release */ = {
			isa = XCBuildConfiguration;
			buildSettings = {
				ALWAYS_EMBED_SWIFT_STANDARD_LIBRARIES = YES;
				BUNDLE_LOADER = "$(TEST_HOST)";
				DEVELOPMENT_TEAM = 84X6W8F486;
				INFOPLIST_FILE = MAPD124_W2017_Lesson12Tests/Info.plist;
				LD_RUNPATH_SEARCH_PATHS = "$(inherited) @executable_path/Frameworks @loader_path/Frameworks";
				PRODUCT_BUNDLE_IDENTIFIER = "com.serhiipianykh.MAPD124-W2017-Lesson12Tests";
				PRODUCT_NAME = "$(TARGET_NAME)";
				SWIFT_VERSION = 3.0;
				TEST_HOST = "$(BUILT_PRODUCTS_DIR)/MAPD124_W2017_Lesson12.app/MAPD124_W2017_Lesson12";
			};
			name = Release;
		};
/* End XCBuildConfiguration section */

/* Begin XCConfigurationList section */
		F2142EBE1E945CA700602EE9 /* Build configuration list for PBXProject "MAPD124_W2017_Lesson12" */ = {
			isa = XCConfigurationList;
			buildConfigurations = (
				F2142EDE1E945CA700602EE9 /* Debug */,
				F2142EDF1E945CA700602EE9 /* Release */,
			);
			defaultConfigurationIsVisible = 0;
			defaultConfigurationName = Release;
		};
		F2142EE01E945CA700602EE9 /* Build configuration list for PBXNativeTarget "MAPD124_W2017_Lesson12" */ = {
			isa = XCConfigurationList;
			buildConfigurations = (
				F2142EE11E945CA700602EE9 /* Debug */,
				F2142EE21E945CA700602EE9 /* Release */,
			);
			defaultConfigurationIsVisible = 0;
		};
		F2142EE31E945CA700602EE9 /* Build configuration list for PBXNativeTarget "MAPD124_W2017_Lesson12Tests" */ = {
			isa = XCConfigurationList;
			buildConfigurations = (
				F2142EE41E945CA700602EE9 /* Debug */,
				F2142EE51E945CA700602EE9 /* Release */,
			);
			defaultConfigurationIsVisible = 0;
		};
/* End XCConfigurationList section */
	};
	rootObject = F2142EBB1E945CA700602EE9 /* Project object */;
}
